# This file is automatically @generated by Cargo.
# It is not intended for manual editing.
[[package]]
name = "anyhow"
version = "1.0.32"
source = "registry+https://github.com/rust-lang/crates.io-index"
checksum = "6b602bfe940d21c130f3895acd65221e8a61270debe89d628b9cb4e3ccb8569b"

[[package]]
name = "async-backplane"
version = "0.1.0"
dependencies = [
 "anyhow",
 "async-channel",
 "concurrent-queue",
 "futures-lite",
 "intmap",
 "maybe-unwind",
 "pin-project-lite",
 "rw_lease",
 "smol",
]

[[package]]
name = "async-channel"
version = "1.1.1"
source = "registry+https://github.com/rust-lang/crates.io-index"
checksum = "ee81ba99bee79f3c8ae114ae4baa7eaa326f63447cf2ec65e4393618b63f8770"
dependencies = [
 "concurrent-queue",
 "event-listener",
 "futures-core",
]

[[package]]
name = "async-executor"
version = "0.1.2"
source = "registry+https://github.com/rust-lang/crates.io-index"
checksum = "90f47c78ea98277cb1f5e6f60ba4fc762f5eafe9f6511bc2f7dfd8b75c225650"
dependencies = [
 "async-io",
 "futures-lite",
 "multitask",
 "parking",
 "scoped-tls",
 "waker-fn",
]

[[package]]
name = "async-io"
version = "0.1.5"
source = "registry+https://github.com/rust-lang/crates.io-index"
checksum = "ca8126ef9fb99355c6fd27575d691be4887b884137a5b6f48c2d961f13590c51"
dependencies = [
 "cfg-if",
 "concurrent-queue",
 "futures-lite",
 "libc",
 "once_cell",
 "parking",
 "socket2",
 "vec-arena",
 "wepoll-sys-stjepang",
 "winapi",
]

[[package]]
name = "async-task"
version = "3.0.0"
source = "registry+https://github.com/rust-lang/crates.io-index"
checksum = "c17772156ef2829aadc587461c7753af20b7e8db1529bc66855add962a3b35d3"

[[package]]
name = "atomic-waker"
version = "1.0.0"
source = "registry+https://github.com/rust-lang/crates.io-index"
checksum = "065374052e7df7ee4047b1160cca5e1467a12351a40b3da123c870ba0b8eda2a"

[[package]]
name = "atomic_prim_traits"
version = "0.2.0"
source = "registry+https://github.com/rust-lang/crates.io-index"
checksum = "0e81134b8403479f901fb108e58dece081e3f87bc031e0cfde29e9372ad5557e"

[[package]]
name = "blocking"
version = "0.5.0"
source = "registry+https://github.com/rust-lang/crates.io-index"
checksum = "76e94bf99b692f54c9d05f97454d3faf11134523fe5b180564a3fb6ed63bcc0a"
dependencies = [
 "async-channel",
 "atomic-waker",
 "futures-lite",
 "once_cell",
 "waker-fn",
]

[[package]]
name = "cache-padded"
version = "1.1.1"
source = "registry+https://github.com/rust-lang/crates.io-index"
checksum = "631ae5198c9be5e753e5cc215e1bd73c2b466a3565173db433f52bb9d3e66dba"

[[package]]
name = "cc"
version = "1.0.58"
source = "registry+https://github.com/rust-lang/crates.io-index"
checksum = "f9a06fb2e53271d7c279ec1efea6ab691c35a2ae67ec0d91d7acec0caf13b518"

[[package]]
name = "cfg-if"
version = "0.1.10"
source = "registry+https://github.com/rust-lang/crates.io-index"
checksum = "4785bdd1c96b2a846b2bd7cc02e86b6b3dbf14e7e53446c4f54c92a361040822"

[[package]]
name = "concurrent-queue"
version = "1.1.2"
source = "registry+https://github.com/rust-lang/crates.io-index"
checksum = "1582139bb74d97ef232c30bc236646017db06f13ee7cc01fa24c9e55640f86d4"
dependencies = [
 "cache-padded",
]

[[package]]
name = "easy-parallel"
version = "3.1.0"
source = "registry+https://github.com/rust-lang/crates.io-index"
checksum = "1dd4afd79212583ff429b913ad6605242ed7eec277e950b1438f300748f948f4"

[[package]]
name = "event-listener"
version = "2.2.1"
source = "registry+https://github.com/rust-lang/crates.io-index"
checksum = "829694371bd7bbc6aee17c4ff624aad8bf9f4dc06c6f9f6071eaa08c89530d10"

[[package]]
name = "fastrand"
version = "1.3.3"
source = "registry+https://github.com/rust-lang/crates.io-index"
checksum = "36a9cb09840f81cd211e435d00a4e487edd263dc3c8ff815c32dd76ad668ebed"

[[package]]
name = "futures-core"
version = "0.3.5"
source = "registry+https://github.com/rust-lang/crates.io-index"
checksum = "59f5fff90fd5d971f936ad674802482ba441b6f09ba5e15fd8b39145582ca399"

[[package]]
name = "futures-io"
version = "0.3.5"
source = "registry+https://github.com/rust-lang/crates.io-index"
checksum = "de27142b013a8e869c14957e6d2edeef89e97c289e69d042ee3a49acd8b51789"

[[package]]
name = "futures-lite"
version = "0.1.9"
source = "registry+https://github.com/rust-lang/crates.io-index"
checksum = "8cc8771bd1bb4c7be3c5f072a1d5e18086ef220f100a0a4efece41076e87b9f2"
dependencies = [
 "fastrand",
 "futures-core",
 "futures-io",
 "memchr",
 "parking",
 "pin-project-lite",
 "waker-fn",
]

[[package]]
name = "hermit-abi"
version = "0.1.15"
source = "registry+https://github.com/rust-lang/crates.io-index"
checksum = "3deed196b6e7f9e44a2ae8d94225d80302d81208b1bb673fd21fe634645c85a9"
dependencies = [
 "libc",
]

[[package]]
name = "intmap"
version = "0.7.0"
source = "registry+https://github.com/rust-lang/crates.io-index"
checksum = "e50930385956f6c4a0b99f3dd654adcc40788456c36e17c5b20e1d1ceb523ec6"

[[package]]
name = "libc"
version = "0.2.73"
source = "registry+https://github.com/rust-lang/crates.io-index"
checksum = "bd7d4bd64732af4bf3a67f367c27df8520ad7e230c5817b8ff485864d80242b9"

[[package]]
name = "maybe-unwind"
version = "0.3.1"
source = "registry+https://github.com/rust-lang/crates.io-index"
checksum = "8f8f264861cca5d0943a472622980bf8624cc7ec2087a3c8d26b837ae92613cd"
dependencies = [
 "futures-core",
]

[[package]]
name = "memchr"
version = "2.3.3"
source = "registry+https://github.com/rust-lang/crates.io-index"
checksum = "3728d817d99e5ac407411fa471ff9800a778d88a24685968b36824eaf4bee400"

[[package]]
name = "multitask"
version = "0.2.0"
source = "registry+https://github.com/rust-lang/crates.io-index"
checksum = "c09c35271e7dcdb5f709779111f2c8e8ab8e06c1b587c1c6a9e179d865aaa5b4"
dependencies = [
 "async-task",
 "concurrent-queue",
 "fastrand",
]

[[package]]
name = "num_cpus"
version = "1.13.0"
source = "registry+https://github.com/rust-lang/crates.io-index"
checksum = "05499f3756671c15885fee9034446956fff3f243d6077b91e5767df161f766b3"
dependencies = [
 "hermit-abi",
 "libc",
]

[[package]]
name = "once_cell"
version = "1.4.0"
source = "registry+https://github.com/rust-lang/crates.io-index"
checksum = "0b631f7e854af39a1739f401cf34a8a013dfe09eac4fa4dba91e9768bd28168d"

[[package]]
name = "parking"
version = "1.0.6"
source = "registry+https://github.com/rust-lang/crates.io-index"
checksum = "6cb300f271742d4a2a66c01b6b2fa0c83dfebd2e0bf11addb879a3547b4ed87c"

[[package]]
name = "pin-project-lite"
version = "0.1.7"
source = "registry+https://github.com/rust-lang/crates.io-index"
checksum = "282adbf10f2698a7a77f8e983a74b2d18176c19a7fd32a45446139ae7b02b715"

[[package]]
name = "primitive_traits"
version = "0.2.0"
source = "registry+https://github.com/rust-lang/crates.io-index"
checksum = "ff1fce8f7e64aa6d866737c60f38b47dfc5863303bf7e2f68748db118d820eb3"

[[package]]
name = "redox_syscall"
version = "0.1.57"
source = "registry+https://github.com/rust-lang/crates.io-index"
checksum = "41cc0f7e4d5d4544e8861606a285bb08d3e70712ccc7d2b84d7c0ccfaf4b05ce"

[[package]]
name = "rw_lease"
version = "0.1.0"
source = "registry+https://github.com/rust-lang/crates.io-index"
checksum = "d3a354ffb43af5307344d2d3c01569daeeec66cb515ca9fb3b6181d54c4b2611"
dependencies = [
 "atomic_prim_traits",
 "primitive_traits",
]

[[package]]
name = "scoped-tls"
version = "1.0.0"
source = "registry+https://github.com/rust-lang/crates.io-index"
checksum = "ea6a9290e3c9cf0f18145ef7ffa62d68ee0bf5fcd651017e586dc7fd5da448c2"

[[package]]
name = "smol"
version = "0.3.2"
source = "registry+https://github.com/rust-lang/crates.io-index"
checksum = "5845838db1ab989f5ea8390faf8a5607de76b6fa70e4d5faf84780192b723a62"
dependencies = [
 "async-channel",
 "async-executor",
 "async-io",
 "blocking",
 "easy-parallel",
 "futures-lite",
 "num_cpus",
]

[[package]]
name = "socket2"
version = "0.3.12"
source = "registry+https://github.com/rust-lang/crates.io-index"
checksum = "03088793f677dce356f3ccc2edb1b314ad191ab702a5de3faf49304f7e104918"
dependencies = [
 "cfg-if",
 "libc",
 "redox_syscall",
 "winapi",
]

[[package]]
name = "vec-arena"
version = "0.5.0"
source = "registry+https://github.com/rust-lang/crates.io-index"
checksum = "17dfb54bf57c9043f4616cb03dab30eff012cc26631b797d8354b916708db919"

[[package]]
name = "waker-fn"
version = "1.0.0"
source = "registry+https://github.com/rust-lang/crates.io-index"
checksum = "9571542c2ce85ce642e6b58b3364da2fb53526360dfb7c211add4f5c23105ff7"

[[package]]
name = "wepoll-sys-stjepang"
version = "1.0.6"
source = "registry+https://github.com/rust-lang/crates.io-index"
checksum = "6fd319e971980166b53e17b1026812ad66c6b54063be879eb182342b55284694"
dependencies = [
 "cc",
]

[[package]]
name = "winapi"
version = "0.3.9"
source = "registry+https://github.com/rust-lang/crates.io-index"
checksum = "5c839a674fcd7a98952e593242ea400abe93992746761e38641405d28b00f419"
dependencies = [
 "winapi-i686-pc-windows-gnu",
 "winapi-x86_64-pc-windows-gnu",
]

[[package]]
name = "winapi-i686-pc-windows-gnu"
version = "0.4.0"
source = "registry+https://github.com/rust-lang/crates.io-index"
checksum = "ac3b87c63620426dd9b991e5ce0329eff545bccbbb34f3be09ff6fb6ab51b7b6"

[[package]]
name = "winapi-x86_64-pc-windows-gnu"
version = "0.4.0"
source = "registry+https://github.com/rust-lang/crates.io-index"
checksum = "712e227841d057c1ee1cd2fb22fa7e5a5461ae8e48fa2ca79ec42cfc1931183f"
